// !$*UTF8*$!
{
	archiveVersion = 1;
	classes = {
	};
	objectVersion = 50;
	objects = {

/* Begin PBXBuildFile section */
		382CBDE721A518470049DBF6 /* SWRevealViewController.m in Sources */ = {isa = PBXBuildFile; fileRef = 382CBDE521A518460049DBF6 /* SWRevealViewController.m */; };
		382CBDEC21A5E36A0049DBF6 /* ChatVC.swift in Sources */ = {isa = PBXBuildFile; fileRef = 382CBDEB21A5E36A0049DBF6 /* ChatVC.swift */; };
		382CBDEE21A5E3900049DBF6 /* ChannelVC.swift in Sources */ = {isa = PBXBuildFile; fileRef = 382CBDED21A5E3900049DBF6 /* ChannelVC.swift */; };
		382CBDF021A60F810049DBF6 /* GradientView.swift in Sources */ = {isa = PBXBuildFile; fileRef = 382CBDEF21A60F810049DBF6 /* GradientView.swift */; };
		382CBDF321A65CC90049DBF6 /* Constants.swift in Sources */ = {isa = PBXBuildFile; fileRef = 382CBDF221A65CC90049DBF6 /* Constants.swift */; };
		382CBDF521A666810049DBF6 /* LoginVC.swift in Sources */ = {isa = PBXBuildFile; fileRef = 382CBDF421A666810049DBF6 /* LoginVC.swift */; };
		382CBDF721A66B870049DBF6 /* CreateAccountVC.swift in Sources */ = {isa = PBXBuildFile; fileRef = 382CBDF621A66B870049DBF6 /* CreateAccountVC.swift */; };
		384957B421E7C3A3000AFC0D /* UserDataService.swift in Sources */ = {isa = PBXBuildFile; fileRef = 384957B321E7C3A3000AFC0D /* UserDataService.swift */; };
		384E864121DD6A82007B61C5 /* RoundedButton.swift in Sources */ = {isa = PBXBuildFile; fileRef = 384E864021DD6A81007B61C5 /* RoundedButton.swift */; };
		3869B91C21CB5A9B00DA1F66 /* AuthService.swift in Sources */ = {isa = PBXBuildFile; fileRef = 3869B91B21CB5A9B00DA1F66 /* AuthService.swift */; };
		388C633A21A4BD2F002C701A /* AppDelegate.swift in Sources */ = {isa = PBXBuildFile; fileRef = 388C633921A4BD2F002C701A /* AppDelegate.swift */; };
		388C633F21A4BD2F002C701A /* Main.storyboard in Resources */ = {isa = PBXBuildFile; fileRef = 388C633D21A4BD2F002C701A /* Main.storyboard */; };
		388C634121A4BD30002C701A /* Assets.xcassets in Resources */ = {isa = PBXBuildFile; fileRef = 388C634021A4BD30002C701A /* Assets.xcassets */; };
		388C634421A4BD30002C701A /* LaunchScreen.storyboard in Resources */ = {isa = PBXBuildFile; fileRef = 388C634221A4BD30002C701A /* LaunchScreen.storyboard */; };
		A1A2862BB4A9711C7FAF00DF /* Pods_Smack.framework in Frameworks */ = {isa = PBXBuildFile; fileRef = DDC9159505EA4F5F39B38450 /* Pods_Smack.framework */; };
/* End PBXBuildFile section */

/* Begin PBXFileReference section */
		382CBDE421A518450049DBF6 /* Smack-Bridging-Header.h */ = {isa = PBXFileReference; lastKnownFileType = sourcecode.c.h; path = "Smack-Bridging-Header.h"; sourceTree = "<group>"; };
		382CBDE521A518460049DBF6 /* SWRevealViewController.m */ = {isa = PBXFileReference; fileEncoding = 4; lastKnownFileType = sourcecode.c.objc; path = SWRevealViewController.m; sourceTree = "<group>"; };
		382CBDE621A518470049DBF6 /* SWRevealViewController.h */ = {isa = PBXFileReference; fileEncoding = 4; lastKnownFileType = sourcecode.c.h; path = SWRevealViewController.h; sourceTree = "<group>"; };
		382CBDEB21A5E36A0049DBF6 /* ChatVC.swift */ = {isa = PBXFileReference; lastKnownFileType = sourcecode.swift; path = ChatVC.swift; sourceTree = "<group>"; };
		382CBDED21A5E3900049DBF6 /* ChannelVC.swift */ = {isa = PBXFileReference; lastKnownFileType = sourcecode.swift; path = ChannelVC.swift; sourceTree = "<group>"; };
		382CBDEF21A60F810049DBF6 /* GradientView.swift */ = {isa = PBXFileReference; lastKnownFileType = sourcecode.swift; path = GradientView.swift; sourceTree = "<group>"; };
		382CBDF221A65CC90049DBF6 /* Constants.swift */ = {isa = PBXFileReference; lastKnownFileType = sourcecode.swift; path = Constants.swift; sourceTree = "<group>"; };
		382CBDF421A666810049DBF6 /* LoginVC.swift */ = {isa = PBXFileReference; lastKnownFileType = sourcecode.swift; path = LoginVC.swift; sourceTree = "<group>"; };
		382CBDF621A66B870049DBF6 /* CreateAccountVC.swift */ = {isa = PBXFileReference; lastKnownFileType = sourcecode.swift; path = CreateAccountVC.swift; sourceTree = "<group>"; };
		384957B321E7C3A3000AFC0D /* UserDataService.swift */ = {isa = PBXFileReference; lastKnownFileType = sourcecode.swift; path = UserDataService.swift; sourceTree = "<group>"; };
		384E864021DD6A81007B61C5 /* RoundedButton.swift */ = {isa = PBXFileReference; lastKnownFileType = sourcecode.swift; path = RoundedButton.swift; sourceTree = "<group>"; };
		3869B91B21CB5A9B00DA1F66 /* AuthService.swift */ = {isa = PBXFileReference; lastKnownFileType = sourcecode.swift; path = AuthService.swift; sourceTree = "<group>"; };
		388C633621A4BD2F002C701A /* Smack.app */ = {isa = PBXFileReference; explicitFileType = wrapper.application; includeInIndex = 0; path = Smack.app; sourceTree = BUILT_PRODUCTS_DIR; };
		388C633921A4BD2F002C701A /* AppDelegate.swift */ = {isa = PBXFileReference; lastKnownFileType = sourcecode.swift; path = AppDelegate.swift; sourceTree = "<group>"; };
		388C633E21A4BD2F002C701A /* Base */ = {isa = PBXFileReference; lastKnownFileType = file.storyboard; name = Base; path = Base.lproj/Main.storyboard; sourceTree = "<group>"; };
		388C634021A4BD30002C701A /* Assets.xcassets */ = {isa = PBXFileReference; lastKnownFileType = folder.assetcatalog; path = Assets.xcassets; sourceTree = "<group>"; };
		388C634321A4BD30002C701A /* Base */ = {isa = PBXFileReference; lastKnownFileType = file.storyboard; name = Base; path = Base.lproj/LaunchScreen.storyboard; sourceTree = "<group>"; };
		388C634521A4BD30002C701A /* Info.plist */ = {isa = PBXFileReference; lastKnownFileType = text.plist.xml; path = Info.plist; sourceTree = "<group>"; };
		9E3A90C175D2E60456878917 /* Pods-Smack.release.xcconfig */ = {isa = PBXFileReference; includeInIndex = 1; lastKnownFileType = text.xcconfig; name = "Pods-Smack.release.xcconfig"; path = "Pods/Target Support Files/Pods-Smack/Pods-Smack.release.xcconfig"; sourceTree = "<group>"; };
		DDC9159505EA4F5F39B38450 /* Pods_Smack.framework */ = {isa = PBXFileReference; explicitFileType = wrapper.framework; includeInIndex = 0; path = Pods_Smack.framework; sourceTree = BUILT_PRODUCTS_DIR; };
		E19E24B6B0039BB08152CAD3 /* Pods-Smack.debug.xcconfig */ = {isa = PBXFileReference; includeInIndex = 1; lastKnownFileType = text.xcconfig; name = "Pods-Smack.debug.xcconfig"; path = "Pods/Target Support Files/Pods-Smack/Pods-Smack.debug.xcconfig"; sourceTree = "<group>"; };
/* End PBXFileReference section */

/* Begin PBXFrameworksBuildPhase section */
		388C633321A4BD2F002C701A /* Frameworks */ = {
			isa = PBXFrameworksBuildPhase;
			buildActionMask = 2147483647;
			files = (
				A1A2862BB4A9711C7FAF00DF /* Pods_Smack.framework in Frameworks */,
			);
			runOnlyForDeploymentPostprocessing = 0;
		};
/* End PBXFrameworksBuildPhase section */

/* Begin PBXGroup section */
		0318ADF71B8663BBB80FF728 /* Frameworks */ = {
			isa = PBXGroup;
			children = (
				DDC9159505EA4F5F39B38450 /* Pods_Smack.framework */,
			);
			name = Frameworks;
			sourceTree = "<group>";
		};
		382CBDE321A517ED0049DBF6 /* Supporting Files */ = {
			isa = PBXGroup;
			children = (
				382CBDE621A518470049DBF6 /* SWRevealViewController.h */,
				382CBDE521A518460049DBF6 /* SWRevealViewController.m */,
				382CBDE421A518450049DBF6 /* Smack-Bridging-Header.h */,
			);
			path = "Supporting Files";
			sourceTree = "<group>";
		};
		382CBDE821A5E2FA0049DBF6 /* Controller */ = {
			isa = PBXGroup;
			children = (
				382CBDEB21A5E36A0049DBF6 /* ChatVC.swift */,
				382CBDED21A5E3900049DBF6 /* ChannelVC.swift */,
				382CBDF421A666810049DBF6 /* LoginVC.swift */,
				382CBDF621A66B870049DBF6 /* CreateAccountVC.swift */,
			);
			path = Controller;
			sourceTree = "<group>";
		};
		382CBDE921A5E3160049DBF6 /* View */ = {
			isa = PBXGroup;
			children = (
				382CBDEF21A60F810049DBF6 /* GradientView.swift */,
				384E864021DD6A81007B61C5 /* RoundedButton.swift */,
			);
			path = View;
			sourceTree = "<group>";
		};
		382CBDEA21A5E31F0049DBF6 /* Model */ = {
			isa = PBXGroup;
			children = (
			);
			path = Model;
			sourceTree = "<group>";
		};
		382CBDF121A65C580049DBF6 /* Utilities */ = {
			isa = PBXGroup;
			children = (
				382CBDF221A65CC90049DBF6 /* Constants.swift */,
			);
			path = Utilities;
			sourceTree = "<group>";
		};
		3869B91A21CB59F300DA1F66 /* Services */ = {
			isa = PBXGroup;
			children = (
				3869B91B21CB5A9B00DA1F66 /* AuthService.swift */,
				384957B321E7C3A3000AFC0D /* UserDataService.swift */,
			);
			path = Services;
			sourceTree = "<group>";
		};
		388C632D21A4BD2F002C701A = {
			isa = PBXGroup;
			children = (
				382CBDE321A517ED0049DBF6 /* Supporting Files */,
				388C633821A4BD2F002C701A /* Smack */,
				388C633721A4BD2F002C701A /* Products */,
				9FC35EACC80FE8EBAD1277EF /* Pods */,
				0318ADF71B8663BBB80FF728 /* Frameworks */,
			);
			sourceTree = "<group>";
		};
		388C633721A4BD2F002C701A /* Products */ = {
			isa = PBXGroup;
			children = (
				388C633621A4BD2F002C701A /* Smack.app */,
			);
			name = Products;
			sourceTree = "<group>";
		};
		388C633821A4BD2F002C701A /* Smack */ = {
			isa = PBXGroup;
			children = (
				3869B91A21CB59F300DA1F66 /* Services */,
				382CBDF121A65C580049DBF6 /* Utilities */,
				382CBDEA21A5E31F0049DBF6 /* Model */,
				382CBDE921A5E3160049DBF6 /* View */,
				382CBDE821A5E2FA0049DBF6 /* Controller */,
				388C633921A4BD2F002C701A /* AppDelegate.swift */,
				388C633D21A4BD2F002C701A /* Main.storyboard */,
				388C634021A4BD30002C701A /* Assets.xcassets */,
				388C634221A4BD30002C701A /* LaunchScreen.storyboard */,
				388C634521A4BD30002C701A /* Info.plist */,
			);
			path = Smack;
			sourceTree = "<group>";
		};
		9FC35EACC80FE8EBAD1277EF /* Pods */ = {
			isa = PBXGroup;
			children = (
				E19E24B6B0039BB08152CAD3 /* Pods-Smack.debug.xcconfig */,
				9E3A90C175D2E60456878917 /* Pods-Smack.release.xcconfig */,
			);
			name = Pods;
			sourceTree = "<group>";
		};
/* End PBXGroup section */

/* Begin PBXNativeTarget section */
		388C633521A4BD2F002C701A /* Smack */ = {
			isa = PBXNativeTarget;
			buildConfigurationList = 388C634821A4BD30002C701A /* Build configuration list for PBXNativeTarget "Smack" */;
			buildPhases = (
				BCCBFC0EF8F500A91C975A42 /* [CP] Check Pods Manifest.lock */,
				388C633221A4BD2F002C701A /* Sources */,
				388C633321A4BD2F002C701A /* Frameworks */,
				388C633421A4BD2F002C701A /* Resources */,
				2AECC72DCF8F7CAD73A87DB7 /* [CP] Embed Pods Frameworks */,
			);
			buildRules = (
			);
			dependencies = (
			);
			name = Smack;
			productName = Smack;
			productReference = 388C633621A4BD2F002C701A /* Smack.app */;
			productType = "com.apple.product-type.application";
		};
/* End PBXNativeTarget section */

/* Begin PBXProject section */
		388C632E21A4BD2F002C701A /* Project object */ = {
			isa = PBXProject;
			attributes = {
				LastSwiftUpdateCheck = 1010;
				LastUpgradeCheck = 1010;
				ORGANIZATIONNAME = "John Huang";
				TargetAttributes = {
					388C633521A4BD2F002C701A = {
						CreatedOnToolsVersion = 10.1;
						LastSwiftMigration = 1010;
					};
				};
			};
			buildConfigurationList = 388C633121A4BD2F002C701A /* Build configuration list for PBXProject "Smack" */;
			compatibilityVersion = "Xcode 9.3";
			developmentRegion = en;
			hasScannedForEncodings = 0;
			knownRegions = (
				en,
				Base,
			);
			mainGroup = 388C632D21A4BD2F002C701A;
			productRefGroup = 388C633721A4BD2F002C701A /* Products */;
			projectDirPath = "";
			projectRoot = "";
			targets = (
				388C633521A4BD2F002C701A /* Smack */,
			);
		};
/* End PBXProject section */

/* Begin PBXResourcesBuildPhase section */
		388C633421A4BD2F002C701A /* Resources */ = {
			isa = PBXResourcesBuildPhase;
			buildActionMask = 2147483647;
			files = (
				388C634421A4BD30002C701A /* LaunchScreen.storyboard in Resources */,
				388C634121A4BD30002C701A /* Assets.xcassets in Resources */,
				388C633F21A4BD2F002C701A /* Main.storyboard in Resources */,
			);
			runOnlyForDeploymentPostprocessing = 0;
		};
/* End PBXResourcesBuildPhase section */

/* Begin PBXShellScriptBuildPhase section */
		2AECC72DCF8F7CAD73A87DB7 /* [CP] Embed Pods Frameworks */ = {
			isa = PBXShellScriptBuildPhase;
			buildActionMask = 2147483647;
			files = (
			);
			inputPaths = (
				"${SRCROOT}/Pods/Target Support Files/Pods-Smack/Pods-Smack-frameworks.sh",
				"${BUILT_PRODUCTS_DIR}/Alamofire/Alamofire.framework",
				"${BUILT_PRODUCTS_DIR}/Socket.IO-Client-Swift/SocketIO.framework",
				"${BUILT_PRODUCTS_DIR}/Starscream/Starscream.framework",
				"${BUILT_PRODUCTS_DIR}/SwiftyJSON/SwiftyJSON.framework",
			);
			name = "[CP] Embed Pods Frameworks";
			outputPaths = (
				"${TARGET_BUILD_DIR}/${FRAMEWORKS_FOLDER_PATH}/Alamofire.framework",
				"${TARGET_BUILD_DIR}/${FRAMEWORKS_FOLDER_PATH}/SocketIO.framework",
				"${TARGET_BUILD_DIR}/${FRAMEWORKS_FOLDER_PATH}/Starscream.framework",
				"${TARGET_BUILD_DIR}/${FRAMEWORKS_FOLDER_PATH}/SwiftyJSON.framework",
			);
			runOnlyForDeploymentPostprocessing = 0;
			shellPath = /bin/sh;
			shellScript = "\"${SRCROOT}/Pods/Target Support Files/Pods-Smack/Pods-Smack-frameworks.sh\"\n";
			showEnvVarsInLog = 0;
		};
		BCCBFC0EF8F500A91C975A42 /* [CP] Check Pods Manifest.lock */ = {
			isa = PBXShellScriptBuildPhase;
			buildActionMask = 2147483647;
			files = (
			);
			inputPaths = (
				"${PODS_PODFILE_DIR_PATH}/Podfile.lock",
				"${PODS_ROOT}/Manifest.lock",
			);
			name = "[CP] Check Pods Manifest.lock";
			outputPaths = (
				"$(DERIVED_FILE_DIR)/Pods-Smack-checkManifestLockResult.txt",
			);
			runOnlyForDeploymentPostprocessing = 0;
			shellPath = /bin/sh;
			shellScript = "diff \"${PODS_PODFILE_DIR_PATH}/Podfile.lock\" \"${PODS_ROOT}/Manifest.lock\" > /dev/null\nif [ $? != 0 ] ; then\n    # print error to STDERR\n    echo \"error: The sandbox is not in sync with the Podfile.lock. Run 'pod install' or update your CocoaPods installation.\" >&2\n    exit 1\nfi\n# This output is used by Xcode 'outputs' to avoid re-running this script phase.\necho \"SUCCESS\" > \"${SCRIPT_OUTPUT_FILE_0}\"\n";
			showEnvVarsInLog = 0;
		};
/* End PBXShellScriptBuildPhase section */

/* Begin PBXSourcesBuildPhase section */
		388C633221A4BD2F002C701A /* Sources */ = {
			isa = PBXSourcesBuildPhase;
			buildActionMask = 2147483647;
			files = (
				382CBDEE21A5E3900049DBF6 /* ChannelVC.swift in Sources */,
				384E864121DD6A82007B61C5 /* RoundedButton.swift in Sources */,
				382CBDEC21A5E36A0049DBF6 /* ChatVC.swift in Sources */,
				384957B421E7C3A3000AFC0D /* UserDataService.swift in Sources */,
				382CBDF721A66B870049DBF6 /* CreateAccountVC.swift in Sources */,
				3869B91C21CB5A9B00DA1F66 /* AuthService.swift in Sources */,
				382CBDF521A666810049DBF6 /* LoginVC.swift in Sources */,
				382CBDF021A60F810049DBF6 /* GradientView.swift in Sources */,
				388C633A21A4BD2F002C701A /* AppDelegate.swift in Sources */,
				382CBDE721A518470049DBF6 /* SWRevealViewController.m in Sources */,
				382CBDF321A65CC90049DBF6 /* Constants.swift in Sources */,
			);
			runOnlyForDeploymentPostprocessing = 0;
		};
/* End PBXSourcesBuildPhase section */

/* Begin PBXVariantGroup section */
		388C633D21A4BD2F002C701A /* Main.storyboard */ = {
			isa = PBXVariantGroup;
			children = (
				388C633E21A4BD2F002C701A /* Base */,
			);
			name = Main.storyboard;
			sourceTree = "<group>";
		};
		388C634221A4BD30002C701A /* LaunchScreen.storyboard */ = {
			isa = PBXVariantGroup;
			children = (
				388C634321A4BD30002C701A /* Base */,
			);
			name = LaunchScreen.storyboard;
			sourceTree = "<group>";
		};
/* End PBXVariantGroup section */

/* Begin XCBuildConfiguration section */
		388C634621A4BD30002C701A /* Debug */ = {
			isa = XCBuildConfiguration;
			buildSettings = {
				ALWAYS_SEARCH_USER_PATHS = NO;
				CLANG_ANALYZER_NONNULL = YES;
				CLANG_ANALYZER_NUMBER_OBJECT_CONVERSION = YES_AGGRESSIVE;
				CLANG_CXX_LANGUAGE_STANDARD = "gnu++14";
				CLANG_CXX_LIBRARY = "libc++";
				CLANG_ENABLE_MODULES = YES;
				CLANG_ENABLE_OBJC_ARC = YES;
				CLANG_ENABLE_OBJC_WEAK = YES;
				CLANG_WARN_BLOCK_CAPTURE_AUTORELEASING = YES;
				CLANG_WARN_BOOL_CONVERSION = YES;
				CLANG_WARN_COMMA = YES;
				CLANG_WARN_CONSTANT_CONVERSION = YES;
				CLANG_WARN_DEPRECATED_OBJC_IMPLEMENTATIONS = YES;
				CLANG_WARN_DIRECT_OBJC_ISA_USAGE = YES_ERROR;
				CLANG_WARN_DOCUMENTATION_COMMENTS = YES;
				CLANG_WARN_EMPTY_BODY = YES;
				CLANG_WARN_ENUM_CONVERSION = YES;
				CLANG_WARN_INFINITE_RECURSION = YES;
				CLANG_WARN_INT_CONVERSION = YES;
				CLANG_WARN_NON_LITERAL_NULL_CONVERSION = YES;
				CLANG_WARN_OBJC_IMPLICIT_RETAIN_SELF = YES;
				CLANG_WARN_OBJC_LITERAL_CONVERSION = YES;
				CLANG_WARN_OBJC_ROOT_CLASS = YES_ERROR;
				CLANG_WARN_RANGE_LOOP_ANALYSIS = YES;
				CLANG_WARN_STRICT_PROTOTYPES = YES;
				CLANG_WARN_SUSPICIOUS_MOVE = YES;
				CLANG_WARN_UNGUARDED_AVAILABILITY = YES_AGGRESSIVE;
				CLANG_WARN_UNREACHABLE_CODE = YES;
				CLANG_WARN__DUPLICATE_METHOD_MATCH = YES;
				CODE_SIGN_IDENTITY = "iPhone Developer";
				COPY_PHASE_STRIP = NO;
				DEBUG_INFORMATION_FORMAT = dwarf;
				ENABLE_STRICT_OBJC_MSGSEND = YES;
				ENABLE_TESTABILITY = YES;
				GCC_C_LANGUAGE_STANDARD = gnu11;
				GCC_DYNAMIC_NO_PIC = NO;
				GCC_NO_COMMON_BLOCKS = YES;
				GCC_OPTIMIZATION_LEVEL = 0;
				GCC_PREPROCESSOR_DEFINITIONS = (
					"DEBUG=1",
					"$(inherited)",
				);
				GCC_WARN_64_TO_32_BIT_CONVERSION = YES;
				GCC_WARN_ABOUT_RETURN_TYPE = YES_ERROR;
				GCC_WARN_UNDECLARED_SELECTOR = YES;
				GCC_WARN_UNINITIALIZED_AUTOS = YES_AGGRESSIVE;
				GCC_WARN_UNUSED_FUNCTION = YES;
				GCC_WARN_UNUSED_VARIABLE = YES;
				IPHONEOS_DEPLOYMENT_TARGET = 12.1;
				MTL_ENABLE_DEBUG_INFO = INCLUDE_SOURCE;
				MTL_FAST_MATH = YES;
				ONLY_ACTIVE_ARCH = YES;
				SDKROOT = iphoneos;
				SWIFT_ACTIVE_COMPILATION_CONDITIONS = DEBUG;
				SWIFT_OPTIMIZATION_LEVEL = "-Onone";
			};
			name = Debug;
		};
		388C634721A4BD30002C701A /* Release */ = {
			isa = XCBuildConfiguration;
			buildSettings = {
				ALWAYS_SEARCH_USER_PATHS = NO;
				CLANG_ANALYZER_NONNULL = YES;
				CLANG_ANALYZER_NUMBER_OBJECT_CONVERSION = YES_AGGRESSIVE;
				CLANG_CXX_LANGUAGE_STANDARD = "gnu++14";
				CLANG_CXX_LIBRARY = "libc++";
				CLANG_ENABLE_MODULES = YES;
				CLANG_ENABLE_OBJC_ARC = YES;
				CLANG_ENABLE_OBJC_WEAK = YES;
				CLANG_WARN_BLOCK_CAPTURE_AUTORELEASING = YES;
				CLANG_WARN_BOOL_CONVERSION = YES;
				CLANG_WARN_COMMA = YES;
				CLANG_WARN_CONSTANT_CONVERSION = YES;
				CLANG_WARN_DEPRECATED_OBJC_IMPLEMENTATIONS = YES;
				CLANG_WARN_DIRECT_OBJC_ISA_USAGE = YES_ERROR;
				CLANG_WARN_DOCUMENTATION_COMMENTS = YES;
				CLANG_WARN_EMPTY_BODY = YES;
				CLANG_WARN_ENUM_CONVERSION = YES;
				CLANG_WARN_INFINITE_RECURSION = YES;
				CLANG_WARN_INT_CONVERSION = YES;
				CLANG_WARN_NON_LITERAL_NULL_CONVERSION = YES;
				CLANG_WARN_OBJC_IMPLICIT_RETAIN_SELF = YES;
				CLANG_WARN_OBJC_LITERAL_CONVERSION = YES;
				CLANG_WARN_OBJC_ROOT_CLASS = YES_ERROR;
				CLANG_WARN_RANGE_LOOP_ANALYSIS = YES;
				CLANG_WARN_STRICT_PROTOTYPES = YES;
				CLANG_WARN_SUSPICIOUS_MOVE = YES;
				CLANG_WARN_UNGUARDED_AVAILABILITY = YES_AGGRESSIVE;
				CLANG_WARN_UNREACHABLE_CODE = YES;
				CLANG_WARN__DUPLICATE_METHOD_MATCH = YES;
				CODE_SIGN_IDENTITY = "iPhone Developer";
				COPY_PHASE_STRIP = NO;
				DEBUG_INFORMATION_FORMAT = "dwarf-with-dsym";
				ENABLE_NS_ASSERTIONS = NO;
				ENABLE_STRICT_OBJC_MSGSEND = YES;
				GCC_C_LANGUAGE_STANDARD = gnu11;
				GCC_NO_COMMON_BLOCKS = YES;
				GCC_WARN_64_TO_32_BIT_CONVERSION = YES;
				GCC_WARN_ABOUT_RETURN_TYPE = YES_ERROR;
				GCC_WARN_UNDECLARED_SELECTOR = YES;
				GCC_WARN_UNINITIALIZED_AUTOS = YES_AGGRESSIVE;
				GCC_WARN_UNUSED_FUNCTION = YES;
				GCC_WARN_UNUSED_VARIABLE = YES;
				IPHONEOS_DEPLOYMENT_TARGET = 12.1;
				MTL_ENABLE_DEBUG_INFO = NO;
				MTL_FAST_MATH = YES;
				SDKROOT = iphoneos;
				SWIFT_COMPILATION_MODE = wholemodule;
				SWIFT_OPTIMIZATION_LEVEL = "-O";
				VALIDATE_PRODUCT = YES;
			};
			name = Release;
		};
		388C634921A4BD30002C701A /* Debug */ = {
			isa = XCBuildConfiguration;
			baseConfigurationReference = E19E24B6B0039BB08152CAD3 /* Pods-Smack.debug.xcconfig */;
			buildSettings = {
				ASSETCATALOG_COMPILER_APPICON_NAME = AppIcon;
				CLANG_ENABLE_MODULES = YES;
				CODE_SIGN_STYLE = Automatic;
				DEVELOPMENT_TEAM = J4X6BR5KWM;
				INFOPLIST_FILE = Smack/Info.plist;
				LD_RUNPATH_SEARCH_PATHS = (
					"$(inherited)",
					"@executable_path/Frameworks",
				);
				PRODUCT_BUNDLE_IDENTIFIER = com.zhh.Smack;
				PRODUCT_NAME = "$(TARGET_NAME)";
				SWIFT_OBJC_BRIDGING_HEADER = "Supporting Files/Smack-Bridging-Header.h";
				SWIFT_OPTIMIZATION_LEVEL = "-Onone";
				SWIFT_VERSION = 4.2;
				TARGETED_DEVICE_FAMILY = "1,2";
			};
			name = Debug;
		};
		388C634A21A4BD30002C701A /* Release */ = {
			isa = XCBuildConfiguration;
			baseConfigurationReference = 9E3A90C175D2E60456878917 /* Pods-Smack.release.xcconfig */;
			buildSettings = {
				ASSETCATALOG_COMPILER_APPICON_NAME = AppIcon;
				CLANG_ENABLE_MODULES = YES;
				CODE_SIGN_STYLE = Automatic;
				DEVELOPMENT_TEAM = J4X6BR5KWM;
				INFOPLIST_FILE = Smack/Info.plist;
				LD_RUNPATH_SEARCH_PATHS = (
					"$(inherited)",
					"@executable_path/Frameworks",
				);
				PRODUCT_BUNDLE_IDENTIFIER = com.zhh.Smack;
				PRODUCT_NAME = "$(TARGET_NAME)";
				SWIFT_OBJC_BRIDGING_HEADER = "Supporting Files/Smack-Bridging-Header.h";
				SWIFT_VERSION = 4.2;
				TARGETED_DEVICE_FAMILY = "1,2";
			};
			name = Release;
		};
/* End XCBuildConfiguration section */

/* Begin XCConfigurationList section */
		388C633121A4BD2F002C701A /* Build configuration list for PBXProject "Smack" */ = {
			isa = XCConfigurationList;
			buildConfigurations = (
				388C634621A4BD30002C701A /* Debug */,
				388C634721A4BD30002C701A /* Release */,
			);
			defaultConfigurationIsVisible = 0;
			defaultConfigurationName = Release;
		};
		388C634821A4BD30002C701A /* Build configuration list for PBXNativeTarget "Smack" */ = {
			isa = XCConfigurationList;
			buildConfigurations = (
				388C634921A4BD30002C701A /* Debug */,
				388C634A21A4BD30002C701A /* Release */,
			);
			defaultConfigurationIsVisible = 0;
			defaultConfigurationName = Release;
		};
/* End XCConfigurationList section */
	};
	rootObject = 388C632E21A4BD2F002C701A /* Project object */;
}
